
Microsoft Visual Studio Solution File, Format Version 12.00
# Visual Studio Version 17
VisualStudioVersion = 17.5.2.0
MinimumVisualStudioVersion = 10.0.40219.1
Project("{FAE04EC0-301F-11D3-BF4B-00C04F79EFBC}") = "AutoEdge", "AutoEdge.csproj", "{5014394F-ABF8-60E0-7C41-EC46C528107E}"
EndProject
Project("{FAE04EC0-301F-11D3-BF4B-00C04F79EFBC}") = "AutoEdge.Tests", "AutoEdge.Tests\AutoEdge.Tests.csproj", "{3BC4E3A1-0BCB-49FA-BD2C-8AAAE1A9F52F}"
EndProject
Global
	GlobalSection(SolutionConfigurationPlatforms) = preSolution
		Debug|Any CPU = Debug|Any CPU
		Debug|x64 = Debug|x64
		Debug|x86 = Debug|x86
		Release|Any CPU = Release|Any CPU
		Release|x64 = Release|x64
		Release|x86 = Release|x86
	EndGlobalSection
	GlobalSection(ProjectConfigurationPlatforms) = postSolution
		{5014394F-ABF8-60E0-7C41-EC46C528107E}.Debug|Any CPU.ActiveCfg = Debug|Any CPU
		{5014394F-ABF8-60E0-7C41-EC46C528107E}.Debug|Any CPU.Build.0 = Debug|Any CPU
		{5014394F-ABF8-60E0-7C41-EC46C528107E}.Debug|x64.ActiveCfg = Debug|Any CPU
		{5014394F-ABF8-60E0-7C41-EC46C528107E}.Debug|x64.Build.0 = Debug|Any CPU
		{5014394F-ABF8-60E0-7C41-EC46C528107E}.Debug|x86.ActiveCfg = Debug|Any CPU
		{5014394F-ABF8-60E0-7C41-EC46C528107E}.Debug|x86.Build.0 = Debug|Any CPU
		{5014394F-ABF8-60E0-7C41-EC46C528107E}.Release|Any CPU.ActiveCfg = Release|Any CPU
		{5014394F-ABF8-60E0-7C41-EC46C528107E}.Release|Any CPU.Build.0 = Release|Any CPU
		{5014394F-ABF8-60E0-7C41-EC46C528107E}.Release|x64.ActiveCfg = Release|Any CPU
		{5014394F-ABF8-60E0-7C41-EC46C528107E}.Release|x64.Build.0 = Release|Any CPU
		{5014394F-ABF8-60E0-7C41-EC46C528107E}.Release|x86.ActiveCfg = Release|Any CPU
		{5014394F-ABF8-60E0-7C41-EC46C528107E}.Release|x86.Build.0 = Release|Any CPU
		{3BC4E3A1-0BCB-49FA-BD2C-8AAAE1A9F52F}.Debug|Any CPU.ActiveCfg = Debug|Any CPU
		{3BC4E3A1-0BCB-49FA-BD2C-8AAAE1A9F52F}.Debug|Any CPU.Build.0 = Debug|Any CPU
		{3BC4E3A1-0BCB-49FA-BD2C-8AAAE1A9F52F}.Debug|x64.ActiveCfg = Debug|Any CPU
		{3BC4E3A1-0BCB-49FA-BD2C-8AAAE1A9F52F}.Debug|x64.Build.0 = Debug|Any CPU
		{3BC4E3A1-0BCB-49FA-BD2C-8AAAE1A9F52F}.Debug|x86.ActiveCfg = Debug|Any CPU
		{3BC4E3A1-0BCB-49FA-BD2C-8AAAE1A9F52F}.Debug|x86.Build.0 = Debug|Any CPU
		{3BC4E3A1-0BCB-49FA-BD2C-8AAAE1A9F52F}.Release|Any CPU.ActiveCfg = Release|Any CPU
		{3BC4E3A1-0BCB-49FA-BD2C-8AAAE1A9F52F}.Release|Any CPU.Build.0 = Release|Any CPU
		{3BC4E3A1-0BCB-49FA-BD2C-8AAAE1A9F52F}.Release|x64.ActiveCfg = Release|Any CPU
		{3BC4E3A1-0BCB-49FA-BD2C-8AAAE1A9F52F}.Release|x64.Build.0 = Release|Any CPU
		{3BC4E3A1-0BCB-49FA-BD2C-8AAAE1A9F52F}.Release|x86.ActiveCfg = Release|Any CPU
		{3BC4E3A1-0BCB-49FA-BD2C-8AAAE1A9F52F}.Release|x86.Build.0 = Release|Any CPU
	EndGlobalSection
	GlobalSection(SolutionProperties) = preSolution
		HideSolutionNode = FALSE
	EndGlobalSection
	GlobalSection(ExtensibilityGlobals) = postSolution
		SolutionGuid = {E9D05333-97BC-4687-BFF5-E57ECFF964E9}
	EndGlobalSection
EndGlobal
